
Microsoft Visual Studio Solution File, Format Version 12.00
# Visual Studio Version 16
VisualStudioVersion = 16.0.31515.178
MinimumVisualStudioVersion = 10.0.40219.1
Project("{8BC9CEB8-8B4A-11D0-8D11-00A0C91BC942}") = "Crysis2Helper", "Crysis2Helper\Crysis2Helper.vcxproj", "{F9408631-8AE9-4805-9665-CF581C714C2E}"
EndProject
Global
	GlobalSection(SolutionConfigurationPlatforms) = preSolution
		Debug|x64 = Debug|x64
		Debug|x86 = Debug|x86
		Release|x64 = Release|x64
		Release|x86 = Release|x86
	EndGlobalSection
	GlobalSection(ProjectConfigurationPlatforms) = postSolution
		{F9408631-8AE9-4805-9665-CF581C714C2E}.Debug|x64.ActiveCfg = Debug|x64
		{F9408631-8AE9-4805-9665-CF581C714C2E}.Debug|x64.Build.0 = Debug|x64
		{F9408631-8AE9-4805-9665-CF581C714C2E}.Debug|x86.ActiveCfg = Debug|Win32
		{F9408631-8AE9-4805-9665-CF581C714C2E}.Debug|x86.Build.0 = Debug|Win32
		{F9408631-8AE9-4805-9665-CF581C714C2E}.Release|x64.ActiveCfg = Release|x64
		{F9408631-8AE9-4805-9665-CF581C714C2E}.Release|x64.Build.0 = Release|x64
		{F9408631-8AE9-4805-9665-CF581C714C2E}.Release|x86.ActiveCfg = Release|Win32
		{F9408631-8AE9-4805-9665-CF581C714C2E}.Release|x86.Build.0 = Release|Win32
	EndGlobalSection
	GlobalSection(SolutionProperties) = preSolution
		HideSolutionNode = FALSE
	EndGlobalSection
	GlobalSection(ExtensibilityGlobals) = postSolution
		SolutionGuid = {BC126780-66C4-4965-B979-46E95942A9B2}
	EndGlobalSection
EndGlobal
